
Microsoft Visual Studio Solution File, Format Version 12.00
# Visual Studio Version 16
VisualStudioVersion = 16.0.31205.134
MinimumVisualStudioVersion = 10.0.40219.1
Project("{9A19103F-16F7-4668-BE54-9A1E7A4F7556}") = "TAO3", "TAO3\TAO3.csproj", "{5F9432EC-7C96-431D-9FEA-D9C9ED71D438}"
EndProject
Project("{FAE04EC0-301F-11D3-BF4B-00C04F79EFBC}") = "TAO3.Test", "TAO3.Test\TAO3.Test.csproj", "{33FA8E03-7D11-48A5-88B7-C788E2A57429}"
EndProject
Global
	GlobalSection(SolutionConfigurationPlatforms) = preSolution
		Debug|Any CPU = Debug|Any CPU
		Release|Any CPU = Release|Any CPU
	EndGlobalSection
	GlobalSection(ProjectConfigurationPlatforms) = postSolution
		{5F9432EC-7C96-431D-9FEA-D9C9ED71D438}.Debug|Any CPU.ActiveCfg = Debug|Any CPU
		{5F9432EC-7C96-431D-9FEA-D9C9ED71D438}.Debug|Any CPU.Build.0 = Debug|Any CPU
		{5F9432EC-7C96-431D-9FEA-D9C9ED71D438}.Release|Any CPU.ActiveCfg = Release|Any CPU
		{5F9432EC-7C96-431D-9FEA-D9C9ED71D438}.Release|Any CPU.Build.0 = Release|Any CPU
		{33FA8E03-7D11-48A5-88B7-C788E2A57429}.Debug|Any CPU.ActiveCfg = Debug|Any CPU
		{33FA8E03-7D11-48A5-88B7-C788E2A57429}.Debug|Any CPU.Build.0 = Debug|Any CPU
		{33FA8E03-7D11-48A5-88B7-C788E2A57429}.Release|Any CPU.ActiveCfg = Release|Any CPU
		{33FA8E03-7D11-48A5-88B7-C788E2A57429}.Release|Any CPU.Build.0 = Release|Any CPU
	EndGlobalSection
	GlobalSection(SolutionProperties) = preSolution
		HideSolutionNode = FALSE
	EndGlobalSection
	GlobalSection(ExtensibilityGlobals) = postSolution
		SolutionGuid = {FC1C17D2-D857-455E-9C87-76AD539C0D7F}
	EndGlobalSection
EndGlobal
